
Microsoft Visual Studio Solution File, Format Version 12.00
# Visual Studio Version 16
VisualStudioVersion = 16.0.31321.278
MinimumVisualStudioVersion = 10.0.40219.1
Project("{FAE04EC0-301F-11D3-BF4B-00C04F79EFBC}") = "TaskJunior2.1", "TaskJunior2.1\TaskJunior2.1.csproj", "{1F019225-C2F0-40E3-8A13-09A669BF007F}"
EndProject
Global
	GlobalSection(SolutionConfigurationPlatforms) = preSolution
		Debug|Any CPU = Debug|Any CPU
		Release|Any CPU = Release|Any CPU
	EndGlobalSection
	GlobalSection(ProjectConfigurationPlatforms) = postSolution
		{1F019225-C2F0-40E3-8A13-09A669BF007F}.Debug|Any CPU.ActiveCfg = Debug|Any CPU
		{1F019225-C2F0-40E3-8A13-09A669BF007F}.Debug|Any CPU.Build.0 = Debug|Any CPU
		{1F019225-C2F0-40E3-8A13-09A669BF007F}.Release|Any CPU.ActiveCfg = Release|Any CPU
		{1F019225-C2F0-40E3-8A13-09A669BF007F}.Release|Any CPU.Build.0 = Release|Any CPU
	EndGlobalSection
	GlobalSection(SolutionProperties) = preSolution
		HideSolutionNode = FALSE
	EndGlobalSection
	GlobalSection(ExtensibilityGlobals) = postSolution
		SolutionGuid = {0C874CF2-E645-42F3-9287-8CB39C73F389}
	EndGlobalSection
EndGlobal
